
Microsoft Visual Studio Solution File, Format Version 12.00
# Visual Studio Version 17
VisualStudioVersion = 17.3.32929.385
MinimumVisualStudioVersion = 10.0.40219.1
Project("{9A19103F-16F7-4668-BE54-9A1E7A4F7556}") = "TVShowCarlosB", "TVShowCarlosB\TVShowCarlosB.csproj", "{9DB3E047-4D98-4620-BEDB-CEA32C6AF744}"
EndProject
Project("{FAE04EC0-301F-11D3-BF4B-00C04F79EFBC}") = "TvShowsTests", "TvShowsTests\TvShowsTests.csproj", "{081D7EDE-29C5-4988-AD18-FD6A7DA014A6}"
EndProject
Global
	GlobalSection(SolutionConfigurationPlatforms) = preSolution
		Debug|Any CPU = Debug|Any CPU
		Release|Any CPU = Release|Any CPU
	EndGlobalSection
	GlobalSection(ProjectConfigurationPlatforms) = postSolution
		{9DB3E047-4D98-4620-BEDB-CEA32C6AF744}.Debug|Any CPU.ActiveCfg = Debug|Any CPU
		{9DB3E047-4D98-4620-BEDB-CEA32C6AF744}.Debug|Any CPU.Build.0 = Debug|Any CPU
		{9DB3E047-4D98-4620-BEDB-CEA32C6AF744}.Release|Any CPU.ActiveCfg = Release|Any CPU
		{9DB3E047-4D98-4620-BEDB-CEA32C6AF744}.Release|Any CPU.Build.0 = Release|Any CPU
		{081D7EDE-29C5-4988-AD18-FD6A7DA014A6}.Debug|Any CPU.ActiveCfg = Debug|Any CPU
		{081D7EDE-29C5-4988-AD18-FD6A7DA014A6}.Debug|Any CPU.Build.0 = Debug|Any CPU
		{081D7EDE-29C5-4988-AD18-FD6A7DA014A6}.Release|Any CPU.ActiveCfg = Release|Any CPU
		{081D7EDE-29C5-4988-AD18-FD6A7DA014A6}.Release|Any CPU.Build.0 = Release|Any CPU
	EndGlobalSection
	GlobalSection(SolutionProperties) = preSolution
		HideSolutionNode = FALSE
	EndGlobalSection
	GlobalSection(ExtensibilityGlobals) = postSolution
		SolutionGuid = {C546669B-C5B2-443F-9DA7-4027C30E1DB0}
	EndGlobalSection
EndGlobal
